{
    "_readme": [
        "This file locks the dependencies of your project to a known state",
        "Read more about it at http://getcomposer.org/doc/01-basic-usage.md#composer-lock-the-lock-file",
        "This file is @generated automatically"
    ],
    "hash": "5a01c96ba12c97ce2c0edaa27f7038ac",
    "packages": [],
    "packages-dev": [
        {
            "name": "inpsyde/wordpress-dev",
            "version": "dev-master",
            "source": {
                "type": "git",
                "url": "https://github.com/inpsyde/wordpress-dev.git",
                "reference": "db44d14c36c5895e82135874ec3dfaf88c067682"
            },
            "dist": {
                "type": "zip",
                "url": "https://api.github.com/repos/inpsyde/wordpress-dev/zipball/db44d14c36c5895e82135874ec3dfaf88c067682",
                "reference": "db44d14c36c5895e82135874ec3dfaf88c067682",
                "shasum": ""
            },
            "require": {
                "php": ">=5.2.4"
            },
            "type": "wordpress-core",
            "notification-url": "https://packagist.org/downloads/",
            "license": [
                "GPL-2.0+"
            ],
            "authors": [
                {
                    "name": "WordPress Community",
                    "homepage": "http://wordpress.org/about/"
                }
            ],
            "description": "WordPress is web software you can use to create a beautiful website or blog.",
            "homepage": "http://wordpress.org/",
            "keywords": [
                "blog",
                "cms",
                "wordpress"
            ],
            "time": "2015-11-17 06:21:15"
        }
    ],
    "aliases": [],
    "minimum-stability": "stable",
    "stability-flags": {
        "inpsyde/wordpress-dev": 20
    },
    "prefer-stable": false,
    "prefer-lowest": false,
    "platform": {
        "php": ">=5.3.0"
    },
    "platform-dev": []
}
